// !$*UTF8*$!
{
	archiveVersion = 1;
	classes = {
	};
	objectVersion = 46;
	objects = {

/* Begin PBXBuildFile section */
		9A9710981AF3F99E00B20B2A /* Little Days Alt.ttf in Resources */ = {isa = PBXBuildFile; fileRef = 9A9710971AF3F99E00B20B2A /* Little Days Alt.ttf */; };
		9A97109C1AF4077000B20B2A /* alunoselec.png in Resources */ = {isa = PBXBuildFile; fileRef = 9A9710991AF4077000B20B2A /* alunoselec.png */; };
		9A97109D1AF4077000B20B2A /* btn_jon.png in Resources */ = {isa = PBXBuildFile; fileRef = 9A97109A1AF4077000B20B2A /* btn_jon.png */; };
		9A97109E1AF4077000B20B2A /* btn_ygritte.png in Resources */ = {isa = PBXBuildFile; fileRef = 9A97109B1AF4077000B20B2A /* btn_ygritte.png */; };
		9A9710A01AF40C5400B20B2A /* AVFoundation.framework in Frameworks */ = {isa = PBXBuildFile; fileRef = 9A97109F1AF40C5400B20B2A /* AVFoundation.framework */; };
		9A9710A21AF40C5B00B20B2A /* AssetsLibrary.framework in Frameworks */ = {isa = PBXBuildFile; fileRef = 9A9710A11AF40C5B00B20B2A /* AssetsLibrary.framework */; };
		9A9710A51AF40E8800B20B2A /* selectact.m in Sources */ = {isa = PBXBuildFile; fileRef = 9A9710A41AF40E8800B20B2A /* selectact.m */; };
		9AC03CC51AF1726200761A96 /* main.m in Sources */ = {isa = PBXBuildFile; fileRef = 9AC03CC41AF1726200761A96 /* main.m */; };
		9AC03CC81AF1726200761A96 /* AppDelegate.m in Sources */ = {isa = PBXBuildFile; fileRef = 9AC03CC71AF1726200761A96 /* AppDelegate.m */; };
		9AC03CCB1AF1726200761A96 /* ViewController.m in Sources */ = {isa = PBXBuildFile; fileRef = 9AC03CCA1AF1726200761A96 /* ViewController.m */; };
		9AC03CCE1AF1726200761A96 /* Main.storyboard in Resources */ = {isa = PBXBuildFile; fileRef = 9AC03CCC1AF1726200761A96 /* Main.storyboard */; };
		9AC03CD01AF1726200761A96 /* Images.xcassets in Resources */ = {isa = PBXBuildFile; fileRef = 9AC03CCF1AF1726200761A96 /* Images.xcassets */; };
		9AC03CD31AF1726200761A96 /* LaunchScreen.xib in Resources */ = {isa = PBXBuildFile; fileRef = 9AC03CD11AF1726200761A96 /* LaunchScreen.xib */; };
		9AC03CDF1AF1726200761A96 /* canvasTests.m in Sources */ = {isa = PBXBuildFile; fileRef = 9AC03CDE1AF1726200761A96 /* canvasTests.m */; };
		9AC6FFD11AF24A9800FE0BC0 /* b.png in Resources */ = {isa = PBXBuildFile; fileRef = 9AC6FFBB1AF24A9800FE0BC0 /* b.png */; };
		9AC6FFD21AF24A9800FE0BC0 /* Black.png in Resources */ = {isa = PBXBuildFile; fileRef = 9AC6FFBC1AF24A9800FE0BC0 /* Black.png */; };
		9AC6FFD31AF24A9800FE0BC0 /* Blue.png in Resources */ = {isa = PBXBuildFile; fileRef = 9AC6FFBD1AF24A9800FE0BC0 /* Blue.png */; };
		9AC6FFD41AF24A9800FE0BC0 /* Brown.png in Resources */ = {isa = PBXBuildFile; fileRef = 9AC6FFBE1AF24A9800FE0BC0 /* Brown.png */; };
		9AC6FFD51AF24A9800FE0BC0 /* Custom-Color.png in Resources */ = {isa = PBXBuildFile; fileRef = 9AC6FFBF1AF24A9800FE0BC0 /* Custom-Color.png */; };
		9AC6FFD61AF24A9800FE0BC0 /* DarkGreen.png in Resources */ = {isa = PBXBuildFile; fileRef = 9AC6FFC01AF24A9800FE0BC0 /* DarkGreen.png */; };
		9AC6FFD71AF24A9800FE0BC0 /* DarkOrange.png in Resources */ = {isa = PBXBuildFile; fileRef = 9AC6FFC11AF24A9800FE0BC0 /* DarkOrange.png */; };
		9AC6FFD81AF24A9800FE0BC0 /* Eraser.png in Resources */ = {isa = PBXBuildFile; fileRef = 9AC6FFC21AF24A9800FE0BC0 /* Eraser.png */; };
		9AC6FFD91AF24A9800FE0BC0 /* g.png in Resources */ = {isa = PBXBuildFile; fileRef = 9AC6FFC31AF24A9800FE0BC0 /* g.png */; };
		9AC6FFDA1AF24A9800FE0BC0 /* Grey.png in Resources */ = {isa = PBXBuildFile; fileRef = 9AC6FFC41AF24A9800FE0BC0 /* Grey.png */; };
		9AC6FFDB1AF24A9800FE0BC0 /* LightBlue.png in Resources */ = {isa = PBXBuildFile; fileRef = 9AC6FFC51AF24A9800FE0BC0 /* LightBlue.png */; };
		9AC6FFDC1AF24A9800FE0BC0 /* LightGreen.png in Resources */ = {isa = PBXBuildFile; fileRef = 9AC6FFC61AF24A9800FE0BC0 /* LightGreen.png */; };
		9AC6FFDD1AF24A9800FE0BC0 /* Opacity.png in Resources */ = {isa = PBXBuildFile; fileRef = 9AC6FFC71AF24A9800FE0BC0 /* Opacity.png */; };
		9AC6FFDE1AF24A9800FE0BC0 /* r.png in Resources */ = {isa = PBXBuildFile; fileRef = 9AC6FFC81AF24A9800FE0BC0 /* r.png */; };
		9AC6FFDF1AF24A9800FE0BC0 /* Red.png in Resources */ = {isa = PBXBuildFile; fileRef = 9AC6FFC91AF24A9800FE0BC0 /* Red.png */; };
		9AC6FFE01AF24A9800FE0BC0 /* reset-Small.png in Resources */ = {isa = PBXBuildFile; fileRef = 9AC6FFCA1AF24A9800FE0BC0 /* reset-Small.png */; };
		9AC6FFE11AF24A9800FE0BC0 /* Save-Small.png in Resources */ = {isa = PBXBuildFile; fileRef = 9AC6FFCB1AF24A9800FE0BC0 /* Save-Small.png */; };
		9AC6FFE21AF24A9800FE0BC0 /* Setting-1.png in Resources */ = {isa = PBXBuildFile; fileRef = 9AC6FFCC1AF24A9800FE0BC0 /* Setting-1.png */; };
		9AC6FFE31AF24A9800FE0BC0 /* Setting-2.png in Resources */ = {isa = PBXBuildFile; fileRef = 9AC6FFCD1AF24A9800FE0BC0 /* Setting-2.png */; };
		9AC6FFE41AF24A9800FE0BC0 /* thickness.png in Resources */ = {isa = PBXBuildFile; fileRef = 9AC6FFCE1AF24A9800FE0BC0 /* thickness.png */; };
		9AC6FFE51AF24A9800FE0BC0 /* width.png in Resources */ = {isa = PBXBuildFile; fileRef = 9AC6FFCF1AF24A9800FE0BC0 /* width.png */; };
		9AC6FFE61AF24A9800FE0BC0 /* Yellow.png in Resources */ = {isa = PBXBuildFile; fileRef = 9AC6FFD01AF24A9800FE0BC0 /* Yellow.png */; };
		9AC6FFE91AF2568A00FE0BC0 /* SettingsViewController.m in Sources */ = {isa = PBXBuildFile; fileRef = 9AC6FFE81AF2568A00FE0BC0 /* SettingsViewController.m */; };
		9AC6FFEB1AF27A9700FE0BC0 /* lapis.png in Resources */ = {isa = PBXBuildFile; fileRef = 9AC6FFEA1AF27A9700FE0BC0 /* lapis.png */; };
		9AC7BBB21AF3F16C008698AC /* firstpage.m in Sources */ = {isa = PBXBuildFile; fileRef = 9AC7BBB11AF3F16C008698AC /* firstpage.m */; };
/* End PBXBuildFile section */

/* Begin PBXContainerItemProxy section */
		9AC03CD91AF1726200761A96 /* PBXContainerItemProxy */ = {
			isa = PBXContainerItemProxy;
			containerPortal = 9AC03CB71AF1726200761A96 /* Project object */;
			proxyType = 1;
			remoteGlobalIDString = 9AC03CBE1AF1726200761A96;
			remoteInfo = canvas;
		};
/* End PBXContainerItemProxy section */

/* Begin PBXFileReference section */
		9A9710971AF3F99E00B20B2A /* Little Days Alt.ttf */ = {isa = PBXFileReference; lastKnownFileType = file; name = "Little Days Alt.ttf"; path = "../../../Downloads/Little Days Alt.ttf"; sourceTree = "<group>"; };
		9A9710991AF4077000B20B2A /* alunoselec.png */ = {isa = PBXFileReference; lastKnownFileType = image.png; name = alunoselec.png; path = ../alunoselec.png; sourceTree = "<group>"; };
		9A97109A1AF4077000B20B2A /* btn_jon.png */ = {isa = PBXFileReference; lastKnownFileType = image.png; name = btn_jon.png; path = ../btn_jon.png; sourceTree = "<group>"; };
		9A97109B1AF4077000B20B2A /* btn_ygritte.png */ = {isa = PBXFileReference; lastKnownFileType = image.png; name = btn_ygritte.png; path = ../btn_ygritte.png; sourceTree = "<group>"; };
		9A97109F1AF40C5400B20B2A /* AVFoundation.framework */ = {isa = PBXFileReference; lastKnownFileType = wrapper.framework; name = AVFoundation.framework; path = System/Library/Frameworks/AVFoundation.framework; sourceTree = SDKROOT; };
		9A9710A11AF40C5B00B20B2A /* AssetsLibrary.framework */ = {isa = PBXFileReference; lastKnownFileType = wrapper.framework; name = AssetsLibrary.framework; path = System/Library/Frameworks/AssetsLibrary.framework; sourceTree = SDKROOT; };
		9A9710A31AF40E8800B20B2A /* selectact.h */ = {isa = PBXFileReference; fileEncoding = 4; lastKnownFileType = sourcecode.c.h; path = selectact.h; sourceTree = "<group>"; };
		9A9710A41AF40E8800B20B2A /* selectact.m */ = {isa = PBXFileReference; fileEncoding = 4; lastKnownFileType = sourcecode.c.objc; path = selectact.m; sourceTree = "<group>"; };
		9AC03CBF1AF1726200761A96 /* canvas.app */ = {isa = PBXFileReference; explicitFileType = wrapper.application; includeInIndex = 0; path = canvas.app; sourceTree = BUILT_PRODUCTS_DIR; };
		9AC03CC31AF1726200761A96 /* Info.plist */ = {isa = PBXFileReference; lastKnownFileType = text.plist.xml; path = Info.plist; sourceTree = "<group>"; };
		9AC03CC41AF1726200761A96 /* main.m */ = {isa = PBXFileReference; lastKnownFileType = sourcecode.c.objc; path = main.m; sourceTree = "<group>"; };
		9AC03CC61AF1726200761A96 /* AppDelegate.h */ = {isa = PBXFileReference; lastKnownFileType = sourcecode.c.h; path = AppDelegate.h; sourceTree = "<group>"; };
		9AC03CC71AF1726200761A96 /* AppDelegate.m */ = {isa = PBXFileReference; lastKnownFileType = sourcecode.c.objc; path = AppDelegate.m; sourceTree = "<group>"; };
		9AC03CC91AF1726200761A96 /* ViewController.h */ = {isa = PBXFileReference; lastKnownFileType = sourcecode.c.h; path = ViewController.h; sourceTree = "<group>"; };
		9AC03CCA1AF1726200761A96 /* ViewController.m */ = {isa = PBXFileReference; lastKnownFileType = sourcecode.c.objc; path = ViewController.m; sourceTree = "<group>"; };
		9AC03CCD1AF1726200761A96 /* Base */ = {isa = PBXFileReference; lastKnownFileType = file.storyboard; name = Base; path = Base.lproj/Main.storyboard; sourceTree = "<group>"; };
		9AC03CCF1AF1726200761A96 /* Images.xcassets */ = {isa = PBXFileReference; lastKnownFileType = folder.assetcatalog; path = Images.xcassets; sourceTree = "<group>"; };
		9AC03CD21AF1726200761A96 /* Base */ = {isa = PBXFileReference; lastKnownFileType = file.xib; name = Base; path = Base.lproj/LaunchScreen.xib; sourceTree = "<group>"; };
		9AC03CD81AF1726200761A96 /* canvasTests.xctest */ = {isa = PBXFileReference; explicitFileType = wrapper.cfbundle; includeInIndex = 0; path = canvasTests.xctest; sourceTree = BUILT_PRODUCTS_DIR; };
		9AC03CDD1AF1726200761A96 /* Info.plist */ = {isa = PBXFileReference; lastKnownFileType = text.plist.xml; path = Info.plist; sourceTree = "<group>"; };
		9AC03CDE1AF1726200761A96 /* canvasTests.m */ = {isa = PBXFileReference; lastKnownFileType = sourcecode.c.objc; path = canvasTests.m; sourceTree = "<group>"; };
		9AC6FFBB1AF24A9800FE0BC0 /* b.png */ = {isa = PBXFileReference; lastKnownFileType = image.png; path = b.png; sourceTree = "<group>"; };
		9AC6FFBC1AF24A9800FE0BC0 /* Black.png */ = {isa = PBXFileReference; lastKnownFileType = image.png; path = Black.png; sourceTree = "<group>"; };
		9AC6FFBD1AF24A9800FE0BC0 /* Blue.png */ = {isa = PBXFileReference; lastKnownFileType = image.png; path = Blue.png; sourceTree = "<group>"; };
		9AC6FFBE1AF24A9800FE0BC0 /* Brown.png */ = {isa = PBXFileReference; lastKnownFileType = image.png; path = Brown.png; sourceTree = "<group>"; };
		9AC6FFBF1AF24A9800FE0BC0 /* Custom-Color.png */ = {isa = PBXFileReference; lastKnownFileType = image.png; path = "Custom-Color.png"; sourceTree = "<group>"; };
		9AC6FFC01AF24A9800FE0BC0 /* DarkGreen.png */ = {isa = PBXFileReference; lastKnownFileType = image.png; path = DarkGreen.png; sourceTree = "<group>"; };
		9AC6FFC11AF24A9800FE0BC0 /* DarkOrange.png */ = {isa = PBXFileReference; lastKnownFileType = image.png; path = DarkOrange.png; sourceTree = "<group>"; };
		9AC6FFC21AF24A9800FE0BC0 /* Eraser.png */ = {isa = PBXFileReference; lastKnownFileType = image.png; path = Eraser.png; sourceTree = "<group>"; };
		9AC6FFC31AF24A9800FE0BC0 /* g.png */ = {isa = PBXFileReference; lastKnownFileType = image.png; path = g.png; sourceTree = "<group>"; };
		9AC6FFC41AF24A9800FE0BC0 /* Grey.png */ = {isa = PBXFileReference; lastKnownFileType = image.png; path = Grey.png; sourceTree = "<group>"; };
		9AC6FFC51AF24A9800FE0BC0 /* LightBlue.png */ = {isa = PBXFileReference; lastKnownFileType = image.png; path = LightBlue.png; sourceTree = "<group>"; };
		9AC6FFC61AF24A9800FE0BC0 /* LightGreen.png */ = {isa = PBXFileReference; lastKnownFileType = image.png; path = LightGreen.png; sourceTree = "<group>"; };
		9AC6FFC71AF24A9800FE0BC0 /* Opacity.png */ = {isa = PBXFileReference; lastKnownFileType = image.png; path = Opacity.png; sourceTree = "<group>"; };
		9AC6FFC81AF24A9800FE0BC0 /* r.png */ = {isa = PBXFileReference; lastKnownFileType = image.png; path = r.png; sourceTree = "<group>"; };
		9AC6FFC91AF24A9800FE0BC0 /* Red.png */ = {isa = PBXFileReference; lastKnownFileType = image.png; path = Red.png; sourceTree = "<group>"; };
		9AC6FFCA1AF24A9800FE0BC0 /* reset-Small.png */ = {isa = PBXFileReference; lastKnownFileType = image.png; path = "reset-Small.png"; sourceTree = "<group>"; };
		9AC6FFCB1AF24A9800FE0BC0 /* Save-Small.png */ = {isa = PBXFileReference; lastKnownFileType = image.png; path = "Save-Small.png"; sourceTree = "<group>"; };
		9AC6FFCC1AF24A9800FE0BC0 /* Setting-1.png */ = {isa = PBXFileReference; lastKnownFileType = image.png; path = "Setting-1.png"; sourceTree = "<group>"; };
		9AC6FFCD1AF24A9800FE0BC0 /* Setting-2.png */ = {isa = PBXFileReference; lastKnownFileType = image.png; path = "Setting-2.png"; sourceTree = "<group>"; };
		9AC6FFCE1AF24A9800FE0BC0 /* thickness.png */ = {isa = PBXFileReference; lastKnownFileType = image.png; path = thickness.png; sourceTree = "<group>"; };
		9AC6FFCF1AF24A9800FE0BC0 /* width.png */ = {isa = PBXFileReference; lastKnownFileType = image.png; path = width.png; sourceTree = "<group>"; };
		9AC6FFD01AF24A9800FE0BC0 /* Yellow.png */ = {isa = PBXFileReference; lastKnownFileType = image.png; path = Yellow.png; sourceTree = "<group>"; };
		9AC6FFE71AF2568A00FE0BC0 /* SettingsViewController.h */ = {isa = PBXFileReference; fileEncoding = 4; lastKnownFileType = sourcecode.c.h; path = SettingsViewController.h; sourceTree = "<group>"; };
		9AC6FFE81AF2568A00FE0BC0 /* SettingsViewController.m */ = {isa = PBXFileReference; fileEncoding = 4; lastKnownFileType = sourcecode.c.objc; path = SettingsViewController.m; sourceTree = "<group>"; };
		9AC6FFEA1AF27A9700FE0BC0 /* lapis.png */ = {isa = PBXFileReference; lastKnownFileType = image.png; name = lapis.png; path = ../lapis.png; sourceTree = "<group>"; };
		9AC7BBB01AF3F16C008698AC /* firstpage.h */ = {isa = PBXFileReference; fileEncoding = 4; lastKnownFileType = sourcecode.c.h; path = firstpage.h; sourceTree = "<group>"; };
		9AC7BBB11AF3F16C008698AC /* firstpage.m */ = {isa = PBXFileReference; fileEncoding = 4; lastKnownFileType = sourcecode.c.objc; path = firstpage.m; sourceTree = "<group>"; };
/* End PBXFileReference section */

/* Begin PBXFrameworksBuildPhase section */
		9AC03CBC1AF1726200761A96 /* Frameworks */ = {
			isa = PBXFrameworksBuildPhase;
			buildActionMask = 2147483647;
			files = (
				9A9710A21AF40C5B00B20B2A /* AssetsLibrary.framework in Frameworks */,
				9A9710A01AF40C5400B20B2A /* AVFoundation.framework in Frameworks */,
			);
			runOnlyForDeploymentPostprocessing = 0;
		};
		9AC03CD51AF1726200761A96 /* Frameworks */ = {
			isa = PBXFrameworksBuildPhase;
			buildActionMask = 2147483647;
			files = (
			);
			runOnlyForDeploymentPostprocessing = 0;
		};
/* End PBXFrameworksBuildPhase section */

/* Begin PBXGroup section */
		9A9710961AF3F97B00B20B2A /* Resources */ = {
			isa = PBXGroup;
			children = (
				9A9710971AF3F99E00B20B2A /* Little Days Alt.ttf */,
			);
			name = Resources;
			sourceTree = "<group>";
		};
		9AC03CB61AF1726200761A96 = {
			isa = PBXGroup;
			children = (
				9A9710A11AF40C5B00B20B2A /* AssetsLibrary.framework */,
				9A97109F1AF40C5400B20B2A /* AVFoundation.framework */,
				9AC03CC11AF1726200761A96 /* canvas */,
				9AC03CDB1AF1726200761A96 /* canvasTests */,
				9AC03CC01AF1726200761A96 /* Products */,
			);
			sourceTree = "<group>";
		};
		9AC03CC01AF1726200761A96 /* Products */ = {
			isa = PBXGroup;
			children = (
				9AC03CBF1AF1726200761A96 /* canvas.app */,
				9AC03CD81AF1726200761A96 /* canvasTests.xctest */,
			);
			name = Products;
			sourceTree = "<group>";
		};
		9AC03CC11AF1726200761A96 /* canvas */ = {
			isa = PBXGroup;
			children = (
				9A9710961AF3F97B00B20B2A /* Resources */,
				9AC6FFBA1AF24A9800FE0BC0 /* Graphics */,
				9AC6FFE71AF2568A00FE0BC0 /* SettingsViewController.h */,
				9AC6FFE81AF2568A00FE0BC0 /* SettingsViewController.m */,
				9AC03CC61AF1726200761A96 /* AppDelegate.h */,
				9AC03CC71AF1726200761A96 /* AppDelegate.m */,
				9AC03CC91AF1726200761A96 /* ViewController.h */,
				9AC03CCA1AF1726200761A96 /* ViewController.m */,
				9AC03CCC1AF1726200761A96 /* Main.storyboard */,
				9AC7BBB01AF3F16C008698AC /* firstpage.h */,
				9A9710A31AF40E8800B20B2A /* selectact.h */,
				9A9710A41AF40E8800B20B2A /* selectact.m */,
				9AC7BBB11AF3F16C008698AC /* firstpage.m */,
				9AC03CCF1AF1726200761A96 /* Images.xcassets */,
				9AC03CD11AF1726200761A96 /* LaunchScreen.xib */,
				9AC03CC21AF1726200761A96 /* Supporting Files */,
			);
			path = canvas;
			sourceTree = "<group>";
		};
		9AC03CC21AF1726200761A96 /* Supporting Files */ = {
			isa = PBXGroup;
			children = (
				9AC03CC31AF1726200761A96 /* Info.plist */,
				9AC03CC41AF1726200761A96 /* main.m */,
			);
			name = "Supporting Files";
			sourceTree = "<group>";
		};
		9AC03CDB1AF1726200761A96 /* canvasTests */ = {
			isa = PBXGroup;
			children = (
				9AC03CDE1AF1726200761A96 /* canvasTests.m */,
				9AC03CDC1AF1726200761A96 /* Supporting Files */,
			);
			path = canvasTests;
			sourceTree = "<group>";
		};
		9AC03CDC1AF1726200761A96 /* Supporting Files */ = {
			isa = PBXGroup;
			children = (
				9AC03CDD1AF1726200761A96 /* Info.plist */,
			);
			name = "Supporting Files";
			sourceTree = "<group>";
		};
		9AC6FFBA1AF24A9800FE0BC0 /* Graphics */ = {
			isa = PBXGroup;
			children = (
				9A9710991AF4077000B20B2A /* alunoselec.png */,
				9A97109A1AF4077000B20B2A /* btn_jon.png */,
				9A97109B1AF4077000B20B2A /* btn_ygritte.png */,
				9AC6FFEA1AF27A9700FE0BC0 /* lapis.png */,
				9AC6FFBB1AF24A9800FE0BC0 /* b.png */,
				9AC6FFBC1AF24A9800FE0BC0 /* Black.png */,
				9AC6FFBD1AF24A9800FE0BC0 /* Blue.png */,
				9AC6FFBE1AF24A9800FE0BC0 /* Brown.png */,
				9AC6FFBF1AF24A9800FE0BC0 /* Custom-Color.png */,
				9AC6FFC01AF24A9800FE0BC0 /* DarkGreen.png */,
				9AC6FFC11AF24A9800FE0BC0 /* DarkOrange.png */,
				9AC6FFC21AF24A9800FE0BC0 /* Eraser.png */,
				9AC6FFC31AF24A9800FE0BC0 /* g.png */,
				9AC6FFC41AF24A9800FE0BC0 /* Grey.png */,
				9AC6FFC51AF24A9800FE0BC0 /* LightBlue.png */,
				9AC6FFC61AF24A9800FE0BC0 /* LightGreen.png */,
				9AC6FFC71AF24A9800FE0BC0 /* Opacity.png */,
				9AC6FFC81AF24A9800FE0BC0 /* r.png */,
				9AC6FFC91AF24A9800FE0BC0 /* Red.png */,
				9AC6FFCA1AF24A9800FE0BC0 /* reset-Small.png */,
				9AC6FFCB1AF24A9800FE0BC0 /* Save-Small.png */,
				9AC6FFCC1AF24A9800FE0BC0 /* Setting-1.png */,
				9AC6FFCD1AF24A9800FE0BC0 /* Setting-2.png */,
				9AC6FFCE1AF24A9800FE0BC0 /* thickness.png */,
				9AC6FFCF1AF24A9800FE0BC0 /* width.png */,
				9AC6FFD01AF24A9800FE0BC0 /* Yellow.png */,
			);
			name = Graphics;
			path = ../../../Downloads/Graphics;
			sourceTree = "<group>";
		};
/* End PBXGroup section */

/* Begin PBXNativeTarget section */
		9AC03CBE1AF1726200761A96 /* canvas */ = {
			isa = PBXNativeTarget;
			buildConfigurationList = 9AC03CE21AF1726200761A96 /* Build configuration list for PBXNativeTarget "canvas" */;
			buildPhases = (
				9AC03CBB1AF1726200761A96 /* Sources */,
				9AC03CBC1AF1726200761A96 /* Frameworks */,
				9AC03CBD1AF1726200761A96 /* Resources */,
			);
			buildRules = (
			);
			dependencies = (
			);
			name = canvas;
			productName = canvas;
			productReference = 9AC03CBF1AF1726200761A96 /* canvas.app */;
			productType = "com.apple.product-type.application";
		};
		9AC03CD71AF1726200761A96 /* canvasTests */ = {
			isa = PBXNativeTarget;
			buildConfigurationList = 9AC03CE51AF1726200761A96 /* Build configuration list for PBXNativeTarget "canvasTests" */;
			buildPhases = (
				9AC03CD41AF1726200761A96 /* Sources */,
				9AC03CD51AF1726200761A96 /* Frameworks */,
				9AC03CD61AF1726200761A96 /* Resources */,
			);
			buildRules = (
			);
			dependencies = (
				9AC03CDA1AF1726200761A96 /* PBXTargetDependency */,
			);
			name = canvasTests;
			productName = canvasTests;
			productReference = 9AC03CD81AF1726200761A96 /* canvasTests.xctest */;
			productType = "com.apple.product-type.bundle.unit-test";
		};
/* End PBXNativeTarget section */

/* Begin PBXProject section */
		9AC03CB71AF1726200761A96 /* Project object */ = {
			isa = PBXProject;
			attributes = {
				LastUpgradeCheck = 0630;
				ORGANIZATIONNAME = "Natalia Souza";
				TargetAttributes = {
					9AC03CBE1AF1726200761A96 = {
						CreatedOnToolsVersion = 6.3.1;
					};
					9AC03CD71AF1726200761A96 = {
						CreatedOnToolsVersion = 6.3.1;
						TestTargetID = 9AC03CBE1AF1726200761A96;
					};
				};
			};
			buildConfigurationList = 9AC03CBA1AF1726200761A96 /* Build configuration list for PBXProject "canvas" */;
			compatibilityVersion = "Xcode 3.2";
			developmentRegion = English;
			hasScannedForEncodings = 0;
			knownRegions = (
				en,
				Base,
			);
			mainGroup = 9AC03CB61AF1726200761A96;
			productRefGroup = 9AC03CC01AF1726200761A96 /* Products */;
			projectDirPath = "";
			projectRoot = "";
			targets = (
				9AC03CBE1AF1726200761A96 /* canvas */,
				9AC03CD71AF1726200761A96 /* canvasTests */,
			);
		};
/* End PBXProject section */

/* Begin PBXResourcesBuildPhase section */
		9AC03CBD1AF1726200761A96 /* Resources */ = {
			isa = PBXResourcesBuildPhase;
			buildActionMask = 2147483647;
			files = (
				9AC6FFDC1AF24A9800FE0BC0 /* LightGreen.png in Resources */,
				9AC6FFDA1AF24A9800FE0BC0 /* Grey.png in Resources */,
				9AC03CCE1AF1726200761A96 /* Main.storyboard in Resources */,
				9A97109D1AF4077000B20B2A /* btn_jon.png in Resources */,
				9AC6FFD21AF24A9800FE0BC0 /* Black.png in Resources */,
				9A97109C1AF4077000B20B2A /* alunoselec.png in Resources */,
				9AC6FFE51AF24A9800FE0BC0 /* width.png in Resources */,
				9AC6FFD81AF24A9800FE0BC0 /* Eraser.png in Resources */,
				9AC6FFE61AF24A9800FE0BC0 /* Yellow.png in Resources */,
				9AC6FFD91AF24A9800FE0BC0 /* g.png in Resources */,
				9AC6FFD51AF24A9800FE0BC0 /* Custom-Color.png in Resources */,
				9A97109E1AF4077000B20B2A /* btn_ygritte.png in Resources */,
				9AC6FFDD1AF24A9800FE0BC0 /* Opacity.png in Resources */,
				9AC6FFE21AF24A9800FE0BC0 /* Setting-1.png in Resources */,
				9AC6FFEB1AF27A9700FE0BC0 /* lapis.png in Resources */,
				9AC03CD31AF1726200761A96 /* LaunchScreen.xib in Resources */,
				9AC6FFD61AF24A9800FE0BC0 /* DarkGreen.png in Resources */,
				9AC6FFE11AF24A9800FE0BC0 /* Save-Small.png in Resources */,
				9AC6FFD31AF24A9800FE0BC0 /* Blue.png in Resources */,
				9AC6FFD41AF24A9800FE0BC0 /* Brown.png in Resources */,
				9AC6FFE41AF24A9800FE0BC0 /* thickness.png in Resources */,
				9AC6FFD11AF24A9800FE0BC0 /* b.png in Resources */,
				9AC6FFE01AF24A9800FE0BC0 /* reset-Small.png in Resources */,
				9AC03CD01AF1726200761A96 /* Images.xcassets in Resources */,
				9AC6FFDB1AF24A9800FE0BC0 /* LightBlue.png in Resources */,
				9AC6FFDF1AF24A9800FE0BC0 /* Red.png in Resources */,
				9AC6FFDE1AF24A9800FE0BC0 /* r.png in Resources */,
				9AC6FFD71AF24A9800FE0BC0 /* DarkOrange.png in Resources */,
				9A9710981AF3F99E00B20B2A /* Little Days Alt.ttf in Resources */,
				9AC6FFE31AF24A9800FE0BC0 /* Setting-2.png in Resources */,
			);
			runOnlyForDeploymentPostprocessing = 0;
		};
		9AC03CD61AF1726200761A96 /* Resources */ = {
			isa = PBXResourcesBuildPhase;
			buildActionMask = 2147483647;
			files = (
			);
			runOnlyForDeploymentPostprocessing = 0;
		};
/* End PBXResourcesBuildPhase section */

/* Begin PBXSourcesBuildPhase section */
		9AC03CBB1AF1726200761A96 /* Sources */ = {
			isa = PBXSourcesBuildPhase;
			buildActionMask = 2147483647;
			files = (
				9AC03CCB1AF1726200761A96 /* ViewController.m in Sources */,
				9AC03CC81AF1726200761A96 /* AppDelegate.m in Sources */,
				9A9710A51AF40E8800B20B2A /* selectact.m in Sources */,
				9AC03CC51AF1726200761A96 /* main.m in Sources */,
				9AC7BBB21AF3F16C008698AC /* firstpage.m in Sources */,
				9AC6FFE91AF2568A00FE0BC0 /* SettingsViewController.m in Sources */,
			);
			runOnlyForDeploymentPostprocessing = 0;
		};
		9AC03CD41AF1726200761A96 /* Sources */ = {
			isa = PBXSourcesBuildPhase;
			buildActionMask = 2147483647;
			files = (
				9AC03CDF1AF1726200761A96 /* canvasTests.m in Sources */,
			);
			runOnlyForDeploymentPostprocessing = 0;
		};
/* End PBXSourcesBuildPhase section */

/* Begin PBXTargetDependency section */
		9AC03CDA1AF1726200761A96 /* PBXTargetDependency */ = {
			isa = PBXTargetDependency;
			target = 9AC03CBE1AF1726200761A96 /* canvas */;
			targetProxy = 9AC03CD91AF1726200761A96 /* PBXContainerItemProxy */;
		};
/* End PBXTargetDependency section */

/* Begin PBXVariantGroup section */
		9AC03CCC1AF1726200761A96 /* Main.storyboard */ = {
			isa = PBXVariantGroup;
			children = (
				9AC03CCD1AF1726200761A96 /* Base */,
			);
			name = Main.storyboard;
			sourceTree = "<group>";
		};
		9AC03CD11AF1726200761A96 /* LaunchScreen.xib */ = {
			isa = PBXVariantGroup;
			children = (
				9AC03CD21AF1726200761A96 /* Base */,
			);
			name = LaunchScreen.xib;
			sourceTree = "<group>";
		};
/* End PBXVariantGroup section */

/* Begin XCBuildConfiguration section */
		9AC03CE01AF1726200761A96 /* Debug */ = {
			isa = XCBuildConfiguration;
			buildSettings = {
				ALWAYS_SEARCH_USER_PATHS = NO;
				CLANG_CXX_LANGUAGE_STANDARD = "gnu++0x";
				CLANG_CXX_LIBRARY = "libc++";
				CLANG_ENABLE_MODULES = YES;
				CLANG_ENABLE_OBJC_ARC = YES;
				CLANG_WARN_BOOL_CONVERSION = YES;
				CLANG_WARN_CONSTANT_CONVERSION = YES;
				CLANG_WARN_DIRECT_OBJC_ISA_USAGE = YES_ERROR;
				CLANG_WARN_EMPTY_BODY = YES;
				CLANG_WARN_ENUM_CONVERSION = YES;
				CLANG_WARN_INT_CONVERSION = YES;
				CLANG_WARN_OBJC_ROOT_CLASS = YES_ERROR;
				CLANG_WARN_UNREACHABLE_CODE = YES;
				CLANG_WARN__DUPLICATE_METHOD_MATCH = YES;
				"CODE_SIGN_IDENTITY[sdk=iphoneos*]" = "iPhone Developer";
				COPY_PHASE_STRIP = NO;
				DEBUG_INFORMATION_FORMAT = "dwarf-with-dsym";
				ENABLE_STRICT_OBJC_MSGSEND = YES;
				GCC_C_LANGUAGE_STANDARD = gnu99;
				GCC_DYNAMIC_NO_PIC = NO;
				GCC_NO_COMMON_BLOCKS = YES;
				GCC_OPTIMIZATION_LEVEL = 0;
				GCC_PREPROCESSOR_DEFINITIONS = (
					"DEBUG=1",
					"$(inherited)",
				);
				GCC_SYMBOLS_PRIVATE_EXTERN = NO;
				GCC_WARN_64_TO_32_BIT_CONVERSION = YES;
				GCC_WARN_ABOUT_RETURN_TYPE = YES_ERROR;
				GCC_WARN_UNDECLARED_SELECTOR = YES;
				GCC_WARN_UNINITIALIZED_AUTOS = YES_AGGRESSIVE;
				GCC_WARN_UNUSED_FUNCTION = YES;
				GCC_WARN_UNUSED_VARIABLE = YES;
				IPHONEOS_DEPLOYMENT_TARGET = 8.3;
				MTL_ENABLE_DEBUG_INFO = YES;
				ONLY_ACTIVE_ARCH = YES;
				SDKROOT = iphoneos;
			};
			name = Debug;
		};
		9AC03CE11AF1726200761A96 /* Release */ = {
			isa = XCBuildConfiguration;
			buildSettings = {
				ALWAYS_SEARCH_USER_PATHS = NO;
				CLANG_CXX_LANGUAGE_STANDARD = "gnu++0x";
				CLANG_CXX_LIBRARY = "libc++";
				CLANG_ENABLE_MODULES = YES;
				CLANG_ENABLE_OBJC_ARC = YES;
				CLANG_WARN_BOOL_CONVERSION = YES;
				CLANG_WARN_CONSTANT_CONVERSION = YES;
				CLANG_WARN_DIRECT_OBJC_ISA_USAGE = YES_ERROR;
				CLANG_WARN_EMPTY_BODY = YES;
				CLANG_WARN_ENUM_CONVERSION = YES;
				CLANG_WARN_INT_CONVERSION = YES;
				CLANG_WARN_OBJC_ROOT_CLASS = YES_ERROR;
				CLANG_WARN_UNREACHABLE_CODE = YES;
				CLANG_WARN__DUPLICATE_METHOD_MATCH = YES;
				"CODE_SIGN_IDENTITY[sdk=iphoneos*]" = "iPhone Developer";
				COPY_PHASE_STRIP = NO;
				DEBUG_INFORMATION_FORMAT = "dwarf-with-dsym";
				ENABLE_NS_ASSERTIONS = NO;
				ENABLE_STRICT_OBJC_MSGSEND = YES;
				GCC_C_LANGUAGE_STANDARD = gnu99;
				GCC_NO_COMMON_BLOCKS = YES;
				GCC_WARN_64_TO_32_BIT_CONVERSION = YES;
				GCC_WARN_ABOUT_RETURN_TYPE = YES_ERROR;
				GCC_WARN_UNDECLARED_SELECTOR = YES;
				GCC_WARN_UNINITIALIZED_AUTOS = YES_AGGRESSIVE;
				GCC_WARN_UNUSED_FUNCTION = YES;
				GCC_WARN_UNUSED_VARIABLE = YES;
				IPHONEOS_DEPLOYMENT_TARGET = 8.3;
				MTL_ENABLE_DEBUG_INFO = NO;
				SDKROOT = iphoneos;
				VALIDATE_PRODUCT = YES;
			};
			name = Release;
		};
		9AC03CE31AF1726200761A96 /* Debug */ = {
			isa = XCBuildConfiguration;
			buildSettings = {
				ASSETCATALOG_COMPILER_APPICON_NAME = AppIcon;
				INFOPLIST_FILE = canvas/Info.plist;
				LD_RUNPATH_SEARCH_PATHS = "$(inherited) @executable_path/Frameworks";
				PRODUCT_NAME = "$(TARGET_NAME)";
			};
			name = Debug;
		};
		9AC03CE41AF1726200761A96 /* Release */ = {
			isa = XCBuildConfiguration;
			buildSettings = {
				ASSETCATALOG_COMPILER_APPICON_NAME = AppIcon;
				INFOPLIST_FILE = canvas/Info.plist;
				LD_RUNPATH_SEARCH_PATHS = "$(inherited) @executable_path/Frameworks";
				PRODUCT_NAME = "$(TARGET_NAME)";
			};
			name = Release;
		};
		9AC03CE61AF1726200761A96 /* Debug */ = {
			isa = XCBuildConfiguration;
			buildSettings = {
				BUNDLE_LOADER = "$(TEST_HOST)";
				FRAMEWORK_SEARCH_PATHS = (
					"$(SDKROOT)/Developer/Library/Frameworks",
					"$(inherited)",
				);
				GCC_PREPROCESSOR_DEFINITIONS = (
					"DEBUG=1",
					"$(inherited)",
				);
				INFOPLIST_FILE = canvasTests/Info.plist;
				LD_RUNPATH_SEARCH_PATHS = "$(inherited) @executable_path/Frameworks @loader_path/Frameworks";
				PRODUCT_NAME = "$(TARGET_NAME)";
				TEST_HOST = "$(BUILT_PRODUCTS_DIR)/canvas.app/canvas";
			};
			name = Debug;
		};
		9AC03CE71AF1726200761A96 /* Release */ = {
			isa = XCBuildConfiguration;
			buildSettings = {
				BUNDLE_LOADER = "$(TEST_HOST)";
				FRAMEWORK_SEARCH_PATHS = (
					"$(SDKROOT)/Developer/Library/Frameworks",
					"$(inherited)",
				);
				INFOPLIST_FILE = canvasTests/Info.plist;
				LD_RUNPATH_SEARCH_PATHS = "$(inherited) @executable_path/Frameworks @loader_path/Frameworks";
				PRODUCT_NAME = "$(TARGET_NAME)";
				TEST_HOST = "$(BUILT_PRODUCTS_DIR)/canvas.app/canvas";
			};
			name = Release;
		};
/* End XCBuildConfiguration section */

/* Begin XCConfigurationList section */
		9AC03CBA1AF1726200761A96 /* Build configuration list for PBXProject "canvas" */ = {
			isa = XCConfigurationList;
			buildConfigurations = (
				9AC03CE01AF1726200761A96 /* Debug */,
				9AC03CE11AF1726200761A96 /* Release */,
			);
			defaultConfigurationIsVisible = 0;
			defaultConfigurationName = Release;
		};
		9AC03CE21AF1726200761A96 /* Build configuration list for PBXNativeTarget "canvas" */ = {
			isa = XCConfigurationList;
			buildConfigurations = (
				9AC03CE31AF1726200761A96 /* Debug */,
				9AC03CE41AF1726200761A96 /* Release */,
			);
			defaultConfigurationIsVisible = 0;
			defaultConfigurationName = Release;
		};
		9AC03CE51AF1726200761A96 /* Build configuration list for PBXNativeTarget "canvasTests" */ = {
			isa = XCConfigurationList;
			buildConfigurations = (
				9AC03CE61AF1726200761A96 /* Debug */,
				9AC03CE71AF1726200761A96 /* Release */,
			);
			defaultConfigurationIsVisible = 0;
			defaultConfigurationName = Release;
		};
/* End XCConfigurationList section */
	};
	rootObject = 9AC03CB71AF1726200761A96 /* Project object */;
}
